# THIS IS AN AUTOGENERATED FILE. DO NOT EDIT THIS FILE DIRECTLY.
# yarn lockfile v1


"@cspotcode/source-map-consumer@0.8.0":
  version "0.8.0"
  resolved "https://npm.corp.kuaishou.com/@cspotcode%2fsource-map-consumer/-/source-map-consumer-0.8.0.tgz#33bf4b7b39c178821606f669bbc447a6a629786b"
  integrity sha1-M79LeznBeIIWBvZpu8RHpqYpeGs=

"@cspotcode/source-map-support@0.7.0":
  version "0.7.0"
  resolved "https://npm.corp.kuaishou.com/@cspotcode%2fsource-map-support/-/source-map-support-0.7.0.tgz#4789840aa859e46d2f3173727ab707c66bf344f5"
  integrity sha1-R4mECqhZ5G0vMXNyercHxmvzRPU=
  dependencies:
    "@cspotcode/source-map-consumer" "0.8.0"

"@tsconfig/node10@^1.0.7":
  version "1.0.8"
  resolved "https://npm.corp.kuaishou.com/@tsconfig%2fnode10/-/node10-1.0.8.tgz#c1e4e80d6f964fbecb3359c43bd48b40f7cadad9"
  integrity sha1-weToDW+WT77LM1nEO9SLQPfK2tk=

"@tsconfig/node12@^1.0.7":
  version "1.0.9"
  resolved "https://npm.corp.kuaishou.com/@tsconfig%2fnode12/-/node12-1.0.9.tgz#62c1f6dee2ebd9aead80dc3afa56810e58e1a04c"
  integrity sha1-YsH23uLr2a6tgNw6+laBDljhoEw=

"@tsconfig/node14@^1.0.0":
  version "1.0.1"
  resolved "https://npm.corp.kuaishou.com/@tsconfig%2fnode14/-/node14-1.0.1.tgz#95f2d167ffb9b8d2068b0b235302fafd4df711f2"
  integrity sha1-lfLRZ/+5uNIGiwsjUwL6/U33EfI=

"@tsconfig/node16@^1.0.2":
  version "1.0.2"
  resolved "https://npm.corp.kuaishou.com/@tsconfig%2fnode16/-/node16-1.0.2.tgz#423c77877d0569db20e1fc80885ac4118314010e"
  integrity sha1-Qjx3h30Fadsg4fyAiFrEEYMUAQ4=

"@types/fs-extra@^9.0.13":
  version "9.0.13"
  resolved "https://npm.corp.kuaishou.com/@types%2ffs-extra/-/fs-extra-9.0.13.tgz#7594fbae04fe7f1918ce8b3d213f74ff44ac1f45"
  integrity sha1-dZT7rgT+fxkYzos9IT90/0SsH0U=
  dependencies:
    "@types/node" "*"

"@types/node-fetch@^2.5.12":
  version "2.5.12"
  resolved "https://npm.corp.kuaishou.com/@types%2fnode-fetch/-/node-fetch-2.5.12.tgz#8a6f779b1d4e60b7a57fb6fd48d84fb545b9cc66"
  integrity sha1-im93mx1OYLelf7b9SNhPtUW5zGY=
  dependencies:
    "@types/node" "*"
    form-data "^3.0.0"

"@types/node@*", "@types/node@^17.0.8":
  version "17.0.8"
  resolved "https://npm.corp.kuaishou.com/@types%2fnode/-/node-17.0.8.tgz#50d680c8a8a78fe30abe6906453b21ad8ab0ad7b"
  integrity sha512-YofkM6fGv4gDJq78g4j0mMuGMkZVxZDgtU0JRdx6FgiJDG+0fY0GKVolOV8WqVmEhLCXkQRjwDdKyPxJp/uucg==

acorn-walk@^8.1.1:
  version "8.2.0"
  resolved "https://npm.corp.kuaishou.com/acorn-walk/-/acorn-walk-8.2.0.tgz#741210f2e2426454508853a2f44d0ab83b7f69c1"
  integrity sha1-dBIQ8uJCZFRQiFOi9E0KuDt/acE=

acorn@^8.4.1:
  version "8.7.0"
  resolved "https://npm.corp.kuaishou.com/acorn/-/acorn-8.7.0.tgz#90951fde0f8f09df93549481e5fc141445b791cf"
  integrity sha512-V/LGr1APy+PXIwKebEWrkZPwoeoF+w1jiOBUmuxuiUIaOHtob8Qc9BTrYo7VuI5fR8tqsy+buA2WFooR5olqvQ==

arg@^4.1.0:
  version "4.1.3"
  resolved "https://npm.corp.kuaishou.com/arg/-/arg-4.1.3.tgz#269fc7ad5b8e42cb63c896d5666017261c144089"
  integrity sha1-Jp/HrVuOQstjyJbVZmAXJhwUQIk=

asynckit@^0.4.0:
  version "0.4.0"
  resolved "https://npm.corp.kuaishou.com/asynckit/-/asynckit-0.4.0.tgz#c79ed97f7f34cb8f2ba1bc9790bcc366474b4b79"
  integrity sha1-x57Zf380y48robyXkLzDZkdLS3k=

combined-stream@^1.0.8:
  version "1.0.8"
  resolved "https://npm.corp.kuaishou.com/combined-stream/-/combined-stream-1.0.8.tgz#c3d45a8b34fd730631a110a8a2520682b31d5a7f"
  integrity sha1-w9RaizT9cwYxoRCoolIGgrMdWn8=
  dependencies:
    delayed-stream "~1.0.0"

create-require@^1.1.0:
  version "1.1.1"
  resolved "https://npm.corp.kuaishou.com/create-require/-/create-require-1.1.1.tgz#c1d7e8f1e5f6cfc9ff65f9cd352d37348756c333"
  integrity sha1-wdfo8eX2z8n/ZfnNNS03NIdWwzM=

delayed-stream@~1.0.0:
  version "1.0.0"
  resolved "https://npm.corp.kuaishou.com/delayed-stream/-/delayed-stream-1.0.0.tgz#df3ae199acadfb7d440aaae0b29e2272b24ec619"
  integrity sha1-3zrhmayt+31ECqrgsp4icrJOxhk=

diff@^4.0.1:
  version "4.0.2"
  resolved "https://npm.corp.kuaishou.com/diff/-/diff-4.0.2.tgz#60f3aecb89d5fae520c11aa19efc2bb982aade7d"
  integrity sha1-YPOuy4nV+uUgwRqhnvwruYKq3n0=

form-data@^3.0.0:
  version "3.0.1"
  resolved "https://npm.corp.kuaishou.com/form-data/-/form-data-3.0.1.tgz#ebd53791b78356a99af9a300d4282c4d5eb9755f"
  integrity sha1-69U3kbeDVqma+aMA1CgsTV65dV8=
  dependencies:
    asynckit "^0.4.0"
    combined-stream "^1.0.8"
    mime-types "^2.1.12"

make-error@^1.1.1:
  version "1.3.6"
  resolved "https://npm.corp.kuaishou.com/make-error/-/make-error-1.3.6.tgz#2eb2e37ea9b67c4891f684a1394799af484cf7a2"
  integrity sha1-LrLjfqm2fEiR9oShOUeZr0hM96I=

mime-db@1.51.0:
  version "1.51.0"
  resolved "https://npm.corp.kuaishou.com/mime-db/-/mime-db-1.51.0.tgz#d9ff62451859b18342d960850dc3cfb77e63fb0c"
  integrity sha1-2f9iRRhZsYNC2WCFDcPPt35j+ww=

mime-types@^2.1.12:
  version "2.1.34"
  resolved "https://npm.corp.kuaishou.com/mime-types/-/mime-types-2.1.34.tgz#5a712f9ec1503511a945803640fafe09d3793c24"
  integrity sha1-WnEvnsFQNRGpRYA2QPr+CdN5PCQ=
  dependencies:
    mime-db "1.51.0"

node-fetch@^2.6.0:
  version "2.6.6"
  resolved "https://npm.corp.kuaishou.com/node-fetch/-/node-fetch-2.6.6.tgz#1751a7c01834e8e1697758732e9efb6eeadfaf89"
  integrity sha1-F1GnwBg06OFpd1hzLp77burfr4k=
  dependencies:
    whatwg-url "^5.0.0"

tr46@~0.0.3:
  version "0.0.3"
  resolved "https://npm.corp.kuaishou.com/tr46/-/tr46-0.0.3.tgz#8184fd347dac9cdc185992f3a6622e14b9d9ab6a"
  integrity sha1-gYT9NH2snNwYWZLzpmIuFLnZq2o=

ts-node@^10.4.0:
  version "10.4.0"
  resolved "https://npm.corp.kuaishou.com/ts-node/-/ts-node-10.4.0.tgz#680f88945885f4e6cf450e7f0d6223dd404895f7"
  integrity sha1-aA+IlFiF9ObPRQ5/DWIj3UBIlfc=
  dependencies:
    "@cspotcode/source-map-support" "0.7.0"
    "@tsconfig/node10" "^1.0.7"
    "@tsconfig/node12" "^1.0.7"
    "@tsconfig/node14" "^1.0.0"
    "@tsconfig/node16" "^1.0.2"
    acorn "^8.4.1"
    acorn-walk "^8.1.1"
    arg "^4.1.0"
    create-require "^1.1.0"
    diff "^4.0.1"
    make-error "^1.1.1"
    yn "3.1.1"

tslib@^2.3.1:
  version "2.3.1"
  resolved "https://npm.corp.kuaishou.com/tslib/-/tslib-2.3.1.tgz#e8a335add5ceae51aa261d32a490158ef042ef01"
  integrity sha1-6KM1rdXOrlGqJh0ypJAVjvBC7wE=

typescript@^4.5.4:
  version "4.5.4"
  resolved "https://npm.corp.kuaishou.com/typescript/-/typescript-4.5.4.tgz#a17d3a0263bf5c8723b9c52f43c5084edf13c2e8"
  integrity sha512-VgYs2A2QIRuGphtzFV7aQJduJ2gyfTljngLzjpfW9FoYZF6xuw1W0vW9ghCKLfcWrCFxK81CSGRAvS1pn4fIUg==

webidl-conversions@^3.0.0:
  version "3.0.1"
  resolved "https://npm.corp.kuaishou.com/webidl-conversions/-/webidl-conversions-3.0.1.tgz#24534275e2a7bc6be7bc86611cc16ae0a5654871"
  integrity sha1-JFNCdeKnvGvnvIZhHMFq4KVlSHE=

whatwg-url@^5.0.0:
  version "5.0.0"
  resolved "https://npm.corp.kuaishou.com/whatwg-url/-/whatwg-url-5.0.0.tgz#966454e8765462e37644d3626f6742ce8b70965d"
  integrity sha1-lmRU6HZUYuN2RNNib2dCzotwll0=
  dependencies:
    tr46 "~0.0.3"
    webidl-conversions "^3.0.0"

yn@3.1.1:
  version "3.1.1"
  resolved "https://npm.corp.kuaishou.com/yn/-/yn-3.1.1.tgz#1e87401a09d767c1d5eab26a6e4c185182d2eb50"
  integrity sha1-HodAGgnXZ8HV6rJqbkwYUYLS61A=
